
Microsoft Visual Studio Solution File, Format Version 12.00
# Visual Studio Version 16
VisualStudioVersion = 16.0.31205.134
MinimumVisualStudioVersion = 10.0.40219.1
Project("{FAE04EC0-301F-11D3-BF4B-00C04F79EFBC}") = "Frogger", "Frogger.csproj", "{EB4C6839-1144-4493-BE8D-EC8FA3A1BDFC}"
EndProject
Global
	GlobalSection(SolutionConfigurationPlatforms) = preSolution
		Debug|Any CPU = Debug|Any CPU
		Release|Any CPU = Release|Any CPU
	EndGlobalSection
	GlobalSection(ProjectConfigurationPlatforms) = postSolution
		{EB4C6839-1144-4493-BE8D-EC8FA3A1BDFC}.Debug|Any CPU.ActiveCfg = Debug|Any CPU
		{EB4C6839-1144-4493-BE8D-EC8FA3A1BDFC}.Debug|Any CPU.Build.0 = Debug|Any CPU
		{EB4C6839-1144-4493-BE8D-EC8FA3A1BDFC}.Release|Any CPU.ActiveCfg = Release|Any CPU
		{EB4C6839-1144-4493-BE8D-EC8FA3A1BDFC}.Release|Any CPU.Build.0 = Release|Any CPU
	EndGlobalSection
	GlobalSection(SolutionProperties) = preSolution
		HideSolutionNode = FALSE
	EndGlobalSection
	GlobalSection(ExtensibilityGlobals) = postSolution
		SolutionGuid = {56ABCDF5-C696-4AD6-9482-48529C53E362}
	EndGlobalSection
EndGlobal
